
Microsoft Visual Studio Solution File, Format Version 12.00
# Visual Studio Version 16
VisualStudioVersion = 16.0.31205.134
MinimumVisualStudioVersion = 10.0.40219.1
Project("{FAE04EC0-301F-11D3-BF4B-00C04F79EFBC}") = "homework 2", "homework 2.csproj", "{44CA00C4-9312-475C-9C24-E73CF2CAE3A7}"
EndProject
Global
	GlobalSection(SolutionConfigurationPlatforms) = preSolution
		Debug|Any CPU = Debug|Any CPU
		Release|Any CPU = Release|Any CPU
	EndGlobalSection
	GlobalSection(ProjectConfigurationPlatforms) = postSolution
		{44CA00C4-9312-475C-9C24-E73CF2CAE3A7}.Debug|Any CPU.ActiveCfg = Debug|Any CPU
		{44CA00C4-9312-475C-9C24-E73CF2CAE3A7}.Debug|Any CPU.Build.0 = Debug|Any CPU
		{44CA00C4-9312-475C-9C24-E73CF2CAE3A7}.Release|Any CPU.ActiveCfg = Release|Any CPU
		{44CA00C4-9312-475C-9C24-E73CF2CAE3A7}.Release|Any CPU.Build.0 = Release|Any CPU
	EndGlobalSection
	GlobalSection(SolutionProperties) = preSolution
		HideSolutionNode = FALSE
	EndGlobalSection
	GlobalSection(ExtensibilityGlobals) = postSolution
		SolutionGuid = {FA2600D5-76A9-41E9-87DF-9A90E19F0AD1}
	EndGlobalSection
EndGlobal
